
Microsoft Visual Studio Solution File, Format Version 12.00
# Visual Studio Version 17
VisualStudioVersion = 17.4.33110.190
MinimumVisualStudioVersion = 10.0.40219.1
Project("{FAE04EC0-301F-11D3-BF4B-00C04F79EFBC}") = "ChapterAPI", "ChapterAPI\ChapterAPI.csproj", "{ECEA3DF3-690D-4B35-BCFA-90AD780E9225}"
EndProject
Global
	GlobalSection(SolutionConfigurationPlatforms) = preSolution
		Debug|Any CPU = Debug|Any CPU
		Release|Any CPU = Release|Any CPU
	EndGlobalSection
	GlobalSection(ProjectConfigurationPlatforms) = postSolution
		{ECEA3DF3-690D-4B35-BCFA-90AD780E9225}.Debug|Any CPU.ActiveCfg = Debug|Any CPU
		{ECEA3DF3-690D-4B35-BCFA-90AD780E9225}.Debug|Any CPU.Build.0 = Debug|Any CPU
		{ECEA3DF3-690D-4B35-BCFA-90AD780E9225}.Release|Any CPU.ActiveCfg = Release|Any CPU
		{ECEA3DF3-690D-4B35-BCFA-90AD780E9225}.Release|Any CPU.Build.0 = Release|Any CPU
	EndGlobalSection
	GlobalSection(SolutionProperties) = preSolution
		HideSolutionNode = FALSE
	EndGlobalSection
	GlobalSection(ExtensibilityGlobals) = postSolution
		SolutionGuid = {A995919E-9920-41DA-85F6-84885680A86F}
	EndGlobalSection
EndGlobal
